// !$*UTF8*$!
{
	archiveVersion = 1;
	classes = {
	};
	objectVersion = 46;
	objects = {

/* Begin PBXBuildFile section */
		AE1D88F914E10A670036EFE5 /* UIKit.framework in Frameworks */ = {isa = PBXBuildFile; fileRef = AE1D88F814E10A670036EFE5 /* UIKit.framework */; };
		AE1D88FB14E10A670036EFE5 /* Foundation.framework in Frameworks */ = {isa = PBXBuildFile; fileRef = AE1D88FA14E10A670036EFE5 /* Foundation.framework */; };
		AE1D88FD14E10A670036EFE5 /* CoreGraphics.framework in Frameworks */ = {isa = PBXBuildFile; fileRef = AE1D88FC14E10A670036EFE5 /* CoreGraphics.framework */; };
		AE1D890314E10A670036EFE5 /* InfoPlist.strings in Resources */ = {isa = PBXBuildFile; fileRef = AE1D890114E10A670036EFE5 /* InfoPlist.strings */; };
		AE1D890514E10A670036EFE5 /* main.m in Sources */ = {isa = PBXBuildFile; fileRef = AE1D890414E10A670036EFE5 /* main.m */; };
		AE1D890914E10A670036EFE5 /* AppDelegate.m in Sources */ = {isa = PBXBuildFile; fileRef = AE1D890814E10A670036EFE5 /* AppDelegate.m */; };
		AE1D890C14E10A670036EFE5 /* ViewController.m in Sources */ = {isa = PBXBuildFile; fileRef = AE1D890B14E10A670036EFE5 /* ViewController.m */; };
		AE1D890F14E10A670036EFE5 /* ViewController.xib in Resources */ = {isa = PBXBuildFile; fileRef = AE1D890D14E10A670036EFE5 /* ViewController.xib */; };
/* End PBXBuildFile section */

/* Begin PBXFileReference section */
		AE1D88F414E10A670036EFE5 /* VerseOfTheDay.app */ = {isa = PBXFileReference; explicitFileType = wrapper.application; includeInIndex = 0; path = VerseOfTheDay.app; sourceTree = BUILT_PRODUCTS_DIR; };
		AE1D88F814E10A670036EFE5 /* UIKit.framework */ = {isa = PBXFileReference; lastKnownFileType = wrapper.framework; name = UIKit.framework; path = System/Library/Frameworks/UIKit.framework; sourceTree = SDKROOT; };
		AE1D88FA14E10A670036EFE5 /* Foundation.framework */ = {isa = PBXFileReference; lastKnownFileType = wrapper.framework; name = Foundation.framework; path = System/Library/Frameworks/Foundation.framework; sourceTree = SDKROOT; };
		AE1D88FC14E10A670036EFE5 /* CoreGraphics.framework */ = {isa = PBXFileReference; lastKnownFileType = wrapper.framework; name = CoreGraphics.framework; path = System/Library/Frameworks/CoreGraphics.framework; sourceTree = SDKROOT; };
		AE1D890014E10A670036EFE5 /* VerseOfTheDay-Info.plist */ = {isa = PBXFileReference; path = "VerseOfTheDay-Info.plist"; sourceTree = "<group>"; };
		AE1D890214E10A670036EFE5 /* en */ = {isa = PBXFileReference; lastKnownFileType = text.plist.strings; name = en; path = en.lproj/InfoPlist.strings; sourceTree = "<group>"; };
		AE1D890414E10A670036EFE5 /* main.m */ = {isa = PBXFileReference; lastKnownFileType = sourcecode.c.objc; path = main.m; sourceTree = "<group>"; };
		AE1D890614E10A670036EFE5 /* VerseOfTheDay-Prefix.pch */ = {isa = PBXFileReference; path = "VerseOfTheDay-Prefix.pch"; sourceTree = "<group>"; };
		AE1D890714E10A670036EFE5 /* AppDelegate.h */ = {isa = PBXFileReference; path = AppDelegate.h; sourceTree = "<group>"; };
		AE1D890814E10A670036EFE5 /* AppDelegate.m */ = {isa = PBXFileReference; lastKnownFileType = sourcecode.c.objc; path = AppDelegate.m; sourceTree = "<group>"; };
		AE1D890A14E10A670036EFE5 /* ViewController.h */ = {isa = PBXFileReference; path = ViewController.h; sourceTree = "<group>"; };
		AE1D890B14E10A670036EFE5 /* ViewController.m */ = {isa = PBXFileReference; lastKnownFileType = sourcecode.c.objc; path = ViewController.m; sourceTree = "<group>"; };
		AE1D890E14E10A670036EFE5 /* en */ = {isa = PBXFileReference; lastKnownFileType = file.xib; name = en; path = en.lproj/ViewController.xib; sourceTree = "<group>"; };
/* End PBXFileReference section */

/* Begin PBXFrameworksBuildPhase section */
		AE1D88F114E10A670036EFE5 /* Frameworks */ = {
			isa = PBXFrameworksBuildPhase;
			buildActionMask = 2147483647;
			files = (
				AE1D88F914E10A670036EFE5 /* UIKit.framework in Frameworks */,
				AE1D88FB14E10A670036EFE5 /* Foundation.framework in Frameworks */,
				AE1D88FD14E10A670036EFE5 /* CoreGraphics.framework in Frameworks */,
			);
			runOnlyForDeploymentPostprocessing = 0;
		};
/* End PBXFrameworksBuildPhase section */

/* Begin PBXGroup section */
		AE1D88E914E10A670036EFE5 = {
			isa = PBXGroup;
			children = (
				AE1D88FE14E10A670036EFE5 /* VerseOfTheDay */,
				AE1D88F714E10A670036EFE5 /* Frameworks */,
				AE1D88F514E10A670036EFE5 /* Products */,
			);
			sourceTree = "<group>";
		};
		AE1D88F514E10A670036EFE5 /* Products */ = {
			isa = PBXGroup;
			children = (
				AE1D88F414E10A670036EFE5 /* VerseOfTheDay.app */,
			);
			name = Products;
			sourceTree = "<group>";
		};
		AE1D88F714E10A670036EFE5 /* Frameworks */ = {
			isa = PBXGroup;
			children = (
				AE1D88F814E10A670036EFE5 /* UIKit.framework */,
				AE1D88FA14E10A670036EFE5 /* Foundation.framework */,
				AE1D88FC14E10A670036EFE5 /* CoreGraphics.framework */,
			);
			name = Frameworks;
			sourceTree = "<group>";
		};
		AE1D88FE14E10A670036EFE5 /* VerseOfTheDay */ = {
			isa = PBXGroup;
			children = (
				AE1D890714E10A670036EFE5 /* AppDelegate.h */,
				AE1D890814E10A670036EFE5 /* AppDelegate.m */,
				AE1D890A14E10A670036EFE5 /* ViewController.h */,
				AE1D890B14E10A670036EFE5 /* ViewController.m */,
				AE1D890D14E10A670036EFE5 /* ViewController.xib */,
				AE1D88FF14E10A670036EFE5 /* Supporting Files */,
			);
			path = VerseOfTheDay;
			sourceTree = "<group>";
		};
		AE1D88FF14E10A670036EFE5 /* Supporting Files */ = {
			isa = PBXGroup;
			children = (
				AE1D890014E10A670036EFE5 /* VerseOfTheDay-Info.plist */,
				AE1D890114E10A670036EFE5 /* InfoPlist.strings */,
				AE1D890414E10A670036EFE5 /* main.m */,
				AE1D890614E10A670036EFE5 /* VerseOfTheDay-Prefix.pch */,
			);
			name = "Supporting Files";
			sourceTree = "<group>";
		};
/* End PBXGroup section */

/* Begin PBXNativeTarget section */
		AE1D88F314E10A670036EFE5 /* VerseOfTheDay */ = {
			isa = PBXNativeTarget;
			buildConfigurationList = AE1D891214E10A670036EFE5 /* Build configuration list for PBXNativeTarget "VerseOfTheDay" */;
			buildPhases = (
				AE1D88F014E10A670036EFE5 /* Sources */,
				AE1D88F114E10A670036EFE5 /* Frameworks */,
				AE1D88F214E10A670036EFE5 /* Resources */,
			);
			buildRules = (
			);
			dependencies = (
			);
			name = VerseOfTheDay;
			productName = VerseOfTheDay;
			productReference = AE1D88F414E10A670036EFE5 /* VerseOfTheDay.app */;
			productType = "com.apple.product-type.application";
		};
/* End PBXNativeTarget section */

/* Begin PBXProject section */
		AE1D88EB14E10A670036EFE5 /* Project object */ = {
			isa = PBXProject;
			attributes = {
				LastUpgradeCheck = 0420;
				ORGANIZATIONNAME = "Semantic Notion";
			};
			buildConfigurationList = AE1D88EE14E10A670036EFE5 /* Build configuration list for PBXProject "VerseOfTheDay" */;
			compatibilityVersion = "Xcode 3.2";
			developmentRegion = English;
			hasScannedForEncodings = 0;
			knownRegions = (
				en,
			);
			mainGroup = AE1D88E914E10A670036EFE5;
			productRefGroup = AE1D88F514E10A670036EFE5 /* Products */;
			projectDirPath = "";
			projectRoot = "";
			targets = (
				AE1D88F314E10A670036EFE5 /* VerseOfTheDay */,
			);
		};
/* End PBXProject section */

/* Begin PBXResourcesBuildPhase section */
		AE1D88F214E10A670036EFE5 /* Resources */ = {
			isa = PBXResourcesBuildPhase;
			buildActionMask = 2147483647;
			files = (
				AE1D890314E10A670036EFE5 /* InfoPlist.strings in Resources */,
				AE1D890F14E10A670036EFE5 /* ViewController.xib in Resources */,
			);
			runOnlyForDeploymentPostprocessing = 0;
		};
/* End PBXResourcesBuildPhase section */

/* Begin PBXSourcesBuildPhase section */
		AE1D88F014E10A670036EFE5 /* Sources */ = {
			isa = PBXSourcesBuildPhase;
			buildActionMask = 2147483647;
			files = (
				AE1D890514E10A670036EFE5 /* main.m in Sources */,
				AE1D890914E10A670036EFE5 /* AppDelegate.m in Sources */,
				AE1D890C14E10A670036EFE5 /* ViewController.m in Sources */,
			);
			runOnlyForDeploymentPostprocessing = 0;
		};
/* End PBXSourcesBuildPhase section */

/* Begin PBXVariantGroup section */
		AE1D890114E10A670036EFE5 /* InfoPlist.strings */ = {
			isa = PBXVariantGroup;
			children = (
				AE1D890214E10A670036EFE5 /* en */,
			);
			name = InfoPlist.strings;
			sourceTree = "<group>";
		};
		AE1D890D14E10A670036EFE5 /* ViewController.xib */ = {
			isa = PBXVariantGroup;
			children = (
				AE1D890E14E10A670036EFE5 /* en */,
			);
			name = ViewController.xib;
			sourceTree = "<group>";
		};
/* End PBXVariantGroup section */

/* Begin XCBuildConfiguration section */
		AE1D891014E10A670036EFE5 /* Debug */ = {
			isa = XCBuildConfiguration;
			buildSettings = {
				ALWAYS_SEARCH_USER_PATHS = NO;
				ARCHS = "$(ARCHS_STANDARD_32_BIT)";
				CLANG_ENABLE_OBJC_ARC = YES;
				"CODE_SIGN_IDENTITY[sdk=iphoneos*]" = "iPhone Developer";
				COPY_PHASE_STRIP = NO;
				GCC_C_LANGUAGE_STANDARD = gnu99;
				GCC_DYNAMIC_NO_PIC = NO;
				GCC_OPTIMIZATION_LEVEL = 0;
				GCC_PREPROCESSOR_DEFINITIONS = (
					"DEBUG=1",
					"$(inherited)",
				);
				GCC_SYMBOLS_PRIVATE_EXTERN = NO;
				GCC_VERSION = com.apple.compilers.llvm.clang.1_0;
				GCC_WARN_ABOUT_MISSING_PROTOTYPES = YES;
				GCC_WARN_ABOUT_RETURN_TYPE = YES;
				GCC_WARN_UNUSED_VARIABLE = YES;
				IPHONEOS_DEPLOYMENT_TARGET = 5.0;
				SDKROOT = iphoneos;
			};
			name = Debug;
		};
		AE1D891114E10A670036EFE5 /* Release */ = {
			isa = XCBuildConfiguration;
			buildSettings = {
				ALWAYS_SEARCH_USER_PATHS = NO;
				ARCHS = "$(ARCHS_STANDARD_32_BIT)";
				CLANG_ENABLE_OBJC_ARC = YES;
				"CODE_SIGN_IDENTITY[sdk=iphoneos*]" = "iPhone Developer";
				COPY_PHASE_STRIP = YES;
				GCC_C_LANGUAGE_STANDARD = gnu99;
				GCC_VERSION = com.apple.compilers.llvm.clang.1_0;
				GCC_WARN_ABOUT_MISSING_PROTOTYPES = YES;
				GCC_WARN_ABOUT_RETURN_TYPE = YES;
				GCC_WARN_UNUSED_VARIABLE = YES;
				IPHONEOS_DEPLOYMENT_TARGET = 5.0;
				OTHER_CFLAGS = "-DNS_BLOCK_ASSERTIONS=1";
				SDKROOT = iphoneos;
				VALIDATE_PRODUCT = YES;
			};
			name = Release;
		};
		AE1D891314E10A670036EFE5 /* Debug */ = {
			isa = XCBuildConfiguration;
			buildSettings = {
				GCC_PRECOMPILE_PREFIX_HEADER = YES;
				GCC_PREFIX_HEADER = "VerseOfTheDay/VerseOfTheDay-Prefix.pch";
				INFOPLIST_FILE = "VerseOfTheDay/VerseOfTheDay-Info.plist";
				PRODUCT_NAME = "$(TARGET_NAME)";
				WRAPPER_EXTENSION = app;
			};
			name = Debug;
		};
		AE1D891414E10A670036EFE5 /* Release */ = {
			isa = XCBuildConfiguration;
			buildSettings = {
				GCC_PRECOMPILE_PREFIX_HEADER = YES;
				GCC_PREFIX_HEADER = "VerseOfTheDay/VerseOfTheDay-Prefix.pch";
				INFOPLIST_FILE = "VerseOfTheDay/VerseOfTheDay-Info.plist";
				PRODUCT_NAME = "$(TARGET_NAME)";
				WRAPPER_EXTENSION = app;
			};
			name = Release;
		};
/* End XCBuildConfiguration section */

/* Begin XCConfigurationList section */
		AE1D88EE14E10A670036EFE5 /* Build configuration list for PBXProject "VerseOfTheDay" */ = {
			isa = XCConfigurationList;
			buildConfigurations = (
				AE1D891014E10A670036EFE5 /* Debug */,
				AE1D891114E10A670036EFE5 /* Release */,
			);
			defaultConfigurationIsVisible = 0;
			defaultConfigurationName = Release;
		};
		AE1D891214E10A670036EFE5 /* Build configuration list for PBXNativeTarget "VerseOfTheDay" */ = {
			isa = XCConfigurationList;
			buildConfigurations = (
				AE1D891314E10A670036EFE5 /* Debug */,
				AE1D891414E10A670036EFE5 /* Release */,
			);
			defaultConfigurationIsVisible = 0;
		};
/* End XCConfigurationList section */
	};
	rootObject = AE1D88EB14E10A670036EFE5 /* Project object */;
}
